
Microsoft Visual Studio Solution File, Format Version 12.00
# Visual Studio Version 16
VisualStudioVersion = 16.0.31205.134
MinimumVisualStudioVersion = 10.0.40219.1
Project("{FAE04EC0-301F-11D3-BF4B-00C04F79EFBC}") = "Procesor", "Procesor\Procesor.csproj", "{EB056685-36ED-41EA-8E64-E118798D786F}"
EndProject
Global
	GlobalSection(SolutionConfigurationPlatforms) = preSolution
		Debug|Any CPU = Debug|Any CPU
		Release|Any CPU = Release|Any CPU
	EndGlobalSection
	GlobalSection(ProjectConfigurationPlatforms) = postSolution
		{EB056685-36ED-41EA-8E64-E118798D786F}.Debug|Any CPU.ActiveCfg = Debug|Any CPU
		{EB056685-36ED-41EA-8E64-E118798D786F}.Debug|Any CPU.Build.0 = Debug|Any CPU
		{EB056685-36ED-41EA-8E64-E118798D786F}.Release|Any CPU.ActiveCfg = Release|Any CPU
		{EB056685-36ED-41EA-8E64-E118798D786F}.Release|Any CPU.Build.0 = Release|Any CPU
	EndGlobalSection
	GlobalSection(SolutionProperties) = preSolution
		HideSolutionNode = FALSE
	EndGlobalSection
	GlobalSection(ExtensibilityGlobals) = postSolution
		SolutionGuid = {30E99A08-5EDF-4FF2-AB70-37DAB9F00B0A}
	EndGlobalSection
EndGlobal
